{
    "version": 3,
    "terraform_version": "0.7.9",
    "serial": 11,
    "lineage": "ac58a9a9-a819-45bb-969a-84f2842d0352",
    "modules": [
        {
            "path": [
                "root"
            ],
            "outputs": {},
            "resources": {
                "aws_eip.lb": {
                    "type": "aws_eip",
                    "depends_on": [
                        "aws_internet_gateway.gw"
                    ],
                    "primary": {
                        "id": "eipalloc-3b07605c",
                        "attributes": {
                            "association_id": "eipassoc-df7ddfa4",
                            "domain": "vpc",
                            "id": "eipalloc-3b07605c",
                            "instance": "",
                            "network_interface": "eni-06e37978",
                            "private_ip": "172.32.18.195",
                            "public_ip": "35.161.101.142",
                            "vpc": "true"
                        },
                        "meta": {},
                        "tainted": false
                    },
                    "deposed": [],
                    "provider": ""
                },
                "aws_instance.bastion": {
                    "type": "aws_instance",
                    "depends_on": [
                        "aws_security_group.bastion",
                        "aws_subnet.public_subnet_a"
                    ],
                    "primary": {
                        "id": "i-05a3c084823a11d36",
                        "attributes": {
                            "ami": "ami-5ec1673e",
                            "associate_public_ip_address": "true",
                            "availability_zone": "us-west-2a",
                            "disable_api_termination": "false",
                            "ebs_block_device.#": "0",
                            "ebs_optimized": "false",
                            "ephemeral_block_device.#": "0",
                            "iam_instance_profile": "",
                            "id": "i-05a3c084823a11d36",
                            "instance_state": "running",
                            "instance_type": "t2.micro",
                            "key_name": "cit360",
                            "monitoring": "false",
                            "network_interface_id": "eni-659f051b",
                            "private_dns": "ip-172-32-1-228.us-west-2.compute.internal",
                            "private_ip": "172.32.1.228",
                            "public_dns": "",
                            "public_ip": "35.161.226.7",
                            "root_block_device.#": "1",
                            "root_block_device.0.delete_on_termination": "true",
                            "root_block_device.0.iops": "100",
                            "root_block_device.0.volume_size": "8",
                            "root_block_device.0.volume_type": "gp2",
                            "security_groups.#": "0",
                            "source_dest_check": "true",
                            "subnet_id": "subnet-322c3756",
                            "tags.%": "1",
                            "tags.Name": "Bastion",
                            "tenancy": "default",
                            "vpc_security_group_ids.#": "1",
                            "vpc_security_group_ids.4173934977": "sg-41abeb38"
                        },
                        "meta": {
                            "schema_version": "1"
                        },
                        "tainted": false
                    },
                    "deposed": [],
                    "provider": ""
                },
                "aws_internet_gateway.gw": {
                    "type": "aws_internet_gateway",
                    "depends_on": [],
                    "primary": {
                        "id": "igw-5882163c",
                        "attributes": {
                            "id": "igw-5882163c",
                            "tags.%": "1",
                            "tags.Name": "default_ig",
                            "vpc_id": "vpc-429b6c25"
                        },
                        "meta": {},
                        "tainted": false
                    },
                    "deposed": [],
                    "provider": ""
                },
                "aws_nat_gateway.nat": {
                    "type": "aws_nat_gateway",
                    "depends_on": [
                        "aws_eip.lb",
                        "aws_subnet.private_subnet_a"
                    ],
                    "primary": {
                        "id": "nat-052a4b0ac19feeb19",
                        "attributes": {
                            "allocation_id": "eipalloc-3b07605c",
                            "id": "nat-052a4b0ac19feeb19",
                            "network_interface_id": "eni-06e37978",
                            "private_ip": "172.32.18.195",
                            "public_ip": "35.161.101.142",
                            "subnet_id": "subnet-edd9c289"
                        },
                        "meta": {},
                        "tainted": false
                    },
                    "deposed": [],
                    "provider": ""
                },
                "aws_route_table.private_routing_table": {
                    "type": "aws_route_table",
                    "depends_on": [
                        "aws_nat_gateway.nat"
                    ],
                    "primary": {
                        "id": "rtb-21d55346",
                        "attributes": {
                            "id": "rtb-21d55346",
                            "propagating_vgws.#": "0",
                            "route.#": "1",
                            "route.1362614133.cidr_block": "0.0.0.0/0",
                            "route.1362614133.gateway_id": "",
                            "route.1362614133.instance_id": "",
                            "route.1362614133.nat_gateway_id": "nat-052a4b0ac19feeb19",
                            "route.1362614133.network_interface_id": "",
                            "route.1362614133.vpc_peering_connection_id": "",
                            "tags.%": "1",
                            "tags.Name": "private_routing_table",
                            "vpc_id": "vpc-429b6c25"
                        },
                        "meta": {},
                        "tainted": false
                    },
                    "deposed": [],
                    "provider": ""
                },
                "aws_route_table.public_routing_table": {
                    "type": "aws_route_table",
                    "depends_on": [
                        "aws_internet_gateway.gw"
                    ],
                    "primary": {
                        "id": "rtb-c128afa6",
                        "attributes": {
                            "id": "rtb-c128afa6",
                            "propagating_vgws.#": "0",
                            "route.#": "1",
                            "route.2623193403.cidr_block": "0.0.0.0/0",
                            "route.2623193403.gateway_id": "igw-5882163c",
                            "route.2623193403.instance_id": "",
                            "route.2623193403.nat_gateway_id": "",
                            "route.2623193403.network_interface_id": "",
                            "route.2623193403.vpc_peering_connection_id": "",
                            "tags.%": "1",
                            "tags.Name": "public_routing_table",
                            "vpc_id": "vpc-429b6c25"
                        },
                        "meta": {},
                        "tainted": false
                    },
                    "deposed": [],
                    "provider": ""
                },
                "aws_route_table_association.public_subnet_a_rt_assoc": {
                    "type": "aws_route_table_association",
                    "depends_on": [
                        "aws_route_table.public_routing_table",
                        "aws_subnet.public_subnet_a"
                    ],
                    "primary": {
                        "id": "rtbassoc-671ae901",
                        "attributes": {
                            "id": "rtbassoc-671ae901",
                            "route_table_id": "rtb-c128afa6",
                            "subnet_id": "subnet-322c3756"
                        },
                        "meta": {},
                        "tainted": false
                    },
                    "deposed": [],
                    "provider": ""
                },
                "aws_route_table_association.public_subnet_b_rt_assoc": {
                    "type": "aws_route_table_association",
                    "depends_on": [
                        "aws_route_table.public_routing_table",
                        "aws_subnet.public_subnet_b"
                    ],
                    "primary": {
                        "id": "rtbassoc-3f0bf859",
                        "attributes": {
                            "id": "rtbassoc-3f0bf859",
                            "route_table_id": "rtb-c128afa6",
                            "subnet_id": "subnet-f6e9d480"
                        },
                        "meta": {},
                        "tainted": false
                    },
                    "deposed": [],
                    "provider": ""
                },
                "aws_route_table_association.public_subnet_c_rt_assoc": {
                    "type": "aws_route_table_association",
                    "depends_on": [
                        "aws_route_table.public_routing_table",
                        "aws_subnet.public_subnet_c"
                    ],
                    "primary": {
                        "id": "rtbassoc-3c0bf85a",
                        "attributes": {
                            "id": "rtbassoc-3c0bf85a",
                            "route_table_id": "rtb-c128afa6",
                            "subnet_id": "subnet-1e85ec46"
                        },
                        "meta": {},
                        "tainted": false
                    },
                    "deposed": [],
                    "provider": ""
                },
                "aws_security_group.bastion": {
                    "type": "aws_security_group",
                    "depends_on": [],
                    "primary": {
                        "id": "sg-41abeb38",
                        "attributes": {
                            "description": "Allow access from your current public IP address to an instance on port 22 (SSH)",
                            "egress.#": "0",
                            "id": "sg-41abeb38",
                            "ingress.#": "1",
                            "ingress.601882780.cidr_blocks.#": "1",
                            "ingress.601882780.cidr_blocks.0": "172.32.0.0/16",
                            "ingress.601882780.from_port": "22",
                            "ingress.601882780.protocol": "tcp",
                            "ingress.601882780.security_groups.#": "0",
                            "ingress.601882780.self": "false",
                            "ingress.601882780.to_port": "22",
                            "name": "bastion",
                            "owner_id": "636693391160",
                            "tags.%": "0",
                            "vpc_id": "vpc-429b6c25"
                        },
                        "meta": {},
                        "tainted": false
                    },
                    "deposed": [],
                    "provider": ""
                },
                "aws_subnet.private_subnet_a": {
                    "type": "aws_subnet",
                    "depends_on": [],
                    "primary": {
                        "id": "subnet-edd9c289",
                        "attributes": {
                            "availability_zone": "us-west-2a",
                            "cidr_block": "172.32.16.0/22",
                            "id": "subnet-edd9c289",
                            "map_public_ip_on_launch": "false",
                            "tags.%": "1",
                            "tags.Name": "private_a",
                            "vpc_id": "vpc-429b6c25"
                        },
                        "meta": {},
                        "tainted": false
                    },
                    "deposed": [],
                    "provider": ""
                },
                "aws_subnet.private_subnet_b": {
                    "type": "aws_subnet",
                    "depends_on": [],
                    "primary": {
                        "id": "subnet-f7e9d481",
                        "attributes": {
                            "availability_zone": "us-west-2b",
                            "cidr_block": "172.32.20.0/22",
                            "id": "subnet-f7e9d481",
                            "map_public_ip_on_launch": "false",
                            "tags.%": "1",
                            "tags.Name": "private_b",
                            "vpc_id": "vpc-429b6c25"
                        },
                        "meta": {},
                        "tainted": false
                    },
                    "deposed": [],
                    "provider": ""
                },
                "aws_subnet.private_subnet_c": {
                    "type": "aws_subnet",
                    "depends_on": [],
                    "primary": {
                        "id": "subnet-1f85ec47",
                        "attributes": {
                            "availability_zone": "us-west-2c",
                            "cidr_block": "172.32.24.0/22",
                            "id": "subnet-1f85ec47",
                            "map_public_ip_on_launch": "false",
                            "tags.%": "1",
                            "tags.Name": "private_c",
                            "vpc_id": "vpc-429b6c25"
                        },
                        "meta": {},
                        "tainted": false
                    },
                    "deposed": [],
                    "provider": ""
                },
                "aws_subnet.public_subnet_a": {
                    "type": "aws_subnet",
                    "depends_on": [],
                    "primary": {
                        "id": "subnet-322c3756",
                        "attributes": {
                            "availability_zone": "us-west-2a",
                            "cidr_block": "172.32.1.0/24",
                            "id": "subnet-322c3756",
                            "map_public_ip_on_launch": "false",
                            "tags.%": "1",
                            "tags.Name": "public_subneta",
                            "vpc_id": "vpc-429b6c25"
                        },
                        "meta": {},
                        "tainted": false
                    },
                    "deposed": [],
                    "provider": ""
                },
                "aws_subnet.public_subnet_b": {
                    "type": "aws_subnet",
                    "depends_on": [],
                    "primary": {
                        "id": "subnet-f6e9d480",
                        "attributes": {
                            "availability_zone": "us-west-2b",
                            "cidr_block": "172.32.2.0/24",
                            "id": "subnet-f6e9d480",
                            "map_public_ip_on_launch": "false",
                            "tags.%": "1",
                            "tags.Name": "public_subnetb",
                            "vpc_id": "vpc-429b6c25"
                        },
                        "meta": {},
                        "tainted": false
                    },
                    "deposed": [],
                    "provider": ""
                },
                "aws_subnet.public_subnet_c": {
                    "type": "aws_subnet",
                    "depends_on": [],
                    "primary": {
                        "id": "subnet-1e85ec46",
                        "attributes": {
                            "availability_zone": "us-west-2c",
                            "cidr_block": "172.32.3.0/24",
                            "id": "subnet-1e85ec46",
                            "map_public_ip_on_launch": "false",
                            "tags.%": "1",
                            "tags.Name": "public_subnetc",
                            "vpc_id": "vpc-429b6c25"
                        },
                        "meta": {},
                        "tainted": false
                    },
                    "deposed": [],
                    "provider": ""
                }
            },
            "depends_on": []
        }
    ]
}
